# THIS IS AN AUTOGENERATED FILE. DO NOT EDIT THIS FILE DIRECTLY.
# yarn lockfile v1


"@moonrepo/cli@^0.9.1":
  version "0.9.1"
  resolved "https://registry.yarnpkg.com/@moonrepo/cli/-/cli-0.9.1.tgz#d1891ac0e7ba5e24813f19495f688bd8a64dad65"
  integrity sha512-Sg49qk7NlGrki/Ov1KnfXHq6H0l7lXWKdBZQz6OZvY9wT00tOEqApAm9yisTS2u5d5iWAkqZ8adV2T/+JVy5ZA==
  dependencies:
    detect-libc "^2.0.1"
  optionalDependencies:
    "@moonrepo/core-linux-x64-gnu" "^0.9.1"
    "@moonrepo/core-linux-x64-musl" "^0.9.1"
    "@moonrepo/core-macos-arm64" "^0.9.1"
    "@moonrepo/core-macos-x64" "^0.9.1"
    "@moonrepo/core-windows-x64-msvc" "^0.9.1"

"@moonrepo/core-linux-x64-gnu@^0.9.1":
  version "0.9.1"
  resolved "https://registry.yarnpkg.com/@moonrepo/core-linux-x64-gnu/-/core-linux-x64-gnu-0.9.1.tgz#54ec85756bd82485945b8a663fbd367e7f9f6a58"
  integrity sha512-Ig59eNc7Av+JROFH0NxekA+rRcZcddW7iUO9Knn8TyPRD7JuBP3l6h9f2NVHNVLTESndh2iGSEdexkx4mH7mxQ==

"@moonrepo/core-linux-x64-musl@^0.9.1":
  version "0.9.1"
  resolved "https://registry.yarnpkg.com/@moonrepo/core-linux-x64-musl/-/core-linux-x64-musl-0.9.1.tgz#c0dbcd9443f801d6fb56e34f190e8bc73426a4a1"
  integrity sha512-QJ5xPV5teyGIb+RzFUav+Wsu9eufsyAl4ksNHyyknIR59yWo7+FqO+vPVU16uTFZXwZ+VMB4Oq40tETZMS7EZA==

"@moonrepo/core-macos-arm64@^0.9.1":
  version "0.9.1"
  resolved "https://registry.yarnpkg.com/@moonrepo/core-macos-arm64/-/core-macos-arm64-0.9.1.tgz#c75ad59cf62cef58c5abd6e8276072bc2880a440"
  integrity sha512-k9QiRKkVNUYzrx9OZlaXMVQTXqO7oZWLcFip9n+xCPuKj4C3YnJpvwdxBgpB0us3U0sVbCvYyvfh0wr3FX9kMA==

"@moonrepo/core-macos-x64@^0.9.1":
  version "0.9.1"
  resolved "https://registry.yarnpkg.com/@moonrepo/core-macos-x64/-/core-macos-x64-0.9.1.tgz#880790654076654bf2c48bb3b8e6fb998473ec19"
  integrity sha512-sVC5Gtt7f7hKD5m7yGwF4j66g4SKWKOb+X3eZ59D0aRWPyFO410vpJHGhKaIdAK1M1c5fegLLD/WVtKjFElhnA==

"@moonrepo/core-windows-x64-msvc@^0.9.1":
  version "0.9.1"
  resolved "https://registry.yarnpkg.com/@moonrepo/core-windows-x64-msvc/-/core-windows-x64-msvc-0.9.1.tgz#256ac4ac4eca2064c17ed56d483855af80a53734"
  integrity sha512-d0CDIZsrtH+nznY7keD4+ZwOw+pufRi+pHF3aaOLQ1HuHQOKVIeIGV9ERHYkFCGL4gOH1NN2s9UUN/qXSSdqlA==

detect-libc@^2.0.1:
  version "2.0.1"
  resolved "https://registry.yarnpkg.com/detect-libc/-/detect-libc-2.0.1.tgz#e1897aa88fa6ad197862937fbc0441ef352ee0cd"
  integrity sha512-463v3ZeIrcWtdgIg6vI6XUncguvr2TnGl4SzDXinkt9mSLpBJKXT3mW6xT3VQdDN11+WVs29pgvivTc4Lp8v+w==
